
Microsoft Visual Studio Solution File, Format Version 11.00
# Visual Studio 2010
Project("{FAE04EC0-301F-11D3-BF4B-00C04F79EFBC}") = "ARBlocks", "Assembly-CSharp.csproj", "{AED2EBF6-9478-544A-4B49-1BAD99D6BE4A}"
EndProject
Project("{FAE04EC0-301F-11D3-BF4B-00C04F79EFBC}") = "ARBlocks", "Assembly-CSharp-Editor.csproj", "{DF934611-03BD-4C9F-34F6-FEE87C0E148C}"
EndProject
Global
	GlobalSection(SolutionConfigurationPlatforms) = preSolution
		Debug|Any CPU = Debug|Any CPU
		Release|Any CPU = Release|Any CPU
	EndGlobalSection
	GlobalSection(ProjectConfigurationPlatforms) = postSolution
		{AED2EBF6-9478-544A-4B49-1BAD99D6BE4A}.Debug|Any CPU.ActiveCfg = Debug|Any CPU
		{AED2EBF6-9478-544A-4B49-1BAD99D6BE4A}.Debug|Any CPU.Build.0 = Debug|Any CPU
		{AED2EBF6-9478-544A-4B49-1BAD99D6BE4A}.Release|Any CPU.ActiveCfg = Release|Any CPU
		{AED2EBF6-9478-544A-4B49-1BAD99D6BE4A}.Release|Any CPU.Build.0 = Release|Any CPU
		{DF934611-03BD-4C9F-34F6-FEE87C0E148C}.Debug|Any CPU.ActiveCfg = Debug|Any CPU
		{DF934611-03BD-4C9F-34F6-FEE87C0E148C}.Debug|Any CPU.Build.0 = Debug|Any CPU
		{DF934611-03BD-4C9F-34F6-FEE87C0E148C}.Release|Any CPU.ActiveCfg = Release|Any CPU
		{DF934611-03BD-4C9F-34F6-FEE87C0E148C}.Release|Any CPU.Build.0 = Release|Any CPU
	EndGlobalSection
	GlobalSection(SolutionProperties) = preSolution
		HideSolutionNode = FALSE
	EndGlobalSection
	GlobalSection(MonoDevelopProperties) = preSolution
		StartupItem = Assembly-CSharp.csproj
	EndGlobalSection
EndGlobal
